{
  "version": 4,
  "terraform_version": "1.8.5",
  "serial": 44,
  "lineage": "ce825eb8-09dc-5a0b-5b51-7cf2baa608a4",
  "outputs": {},
  "resources": [
    {
      "mode": "managed",
      "type": "azurerm_dns_a_record",
      "name": "record_a_caixaconsorciocombr",
      "provider": "provider[\"registry.terraform.io/hashicorp/azurerm\"]",
      "instances": [
        {
          "schema_version": 1,
          "attributes": {
            "fqdn": "caixaconsorcio.com.br.caixaconsorcio.com.br.",
            "id": "/subscriptions/3baa51b4-c486-4693-ae88-50282dc02696/resourceGroups/RG-PublicDNS/providers/Microsoft.Network/dnsZones/caixaconsorcio.com.br/A/caixaconsorcio.com.br",
            "name": "caixaconsorcio.com.br",
            "records": [
              "200.10.245.57"
            ],
            "resource_group_name": "RG-PublicDNS",
            "tags": null,
            "target_resource_id": "",
            "timeouts": null,
            "ttl": 300,
            "zone_name": "caixaconsorcio.com.br"
          },
          "sensitive_attributes": [],
          "private": "eyJlMmJmYjczMC1lY2FhLTExZTYtOGY4OC0zNDM2M2JjN2M0YzAiOnsiY3JlYXRlIjoxODAwMDAwMDAwMDAwLCJkZWxldGUiOjE4MDAwMDAwMDAwMDAsInJlYWQiOjMwMDAwMDAwMDAwMCwidXBkYXRlIjoxODAwMDAwMDAwMDAwfSwic2NoZW1hX3ZlcnNpb24iOiIxIn0=",
          "dependencies": [
            "azurerm_dns_zone.zone_caixaconsorciocombr",
            "azurerm_resource_group.RG-PublicDNS"
          ]
        }
      ]
    },
    {
      "mode": "managed",
      "type": "azurerm_dns_a_record",
      "name": "record_a_caixaconsorcioscombr",
      "provider": "provider[\"registry.terraform.io/hashicorp/azurerm\"]",
      "instances": [
        {
          "schema_version": 1,
          "attributes": {
            "fqdn": "caixaconsorcios.com.br.caixaconsorcios.com.br.",
            "id": "/subscriptions/3baa51b4-c486-4693-ae88-50282dc02696/resourceGroups/RG-PublicDNS/providers/Microsoft.Network/dnsZones/caixaconsorcios.com.br/A/caixaconsorcios.com.br",
            "name": "caixaconsorcios.com.br",
            "records": [
              "200.10.245.57"
            ],
            "resource_group_name": "RG-PublicDNS",
            "tags": null,
            "target_resource_id": "",
            "timeouts": null,
            "ttl": 300,
            "zone_name": "caixaconsorcios.com.br"
          },
          "sensitive_attributes": [],
          "private": "eyJlMmJmYjczMC1lY2FhLTExZTYtOGY4OC0zNDM2M2JjN2M0YzAiOnsiY3JlYXRlIjoxODAwMDAwMDAwMDAwLCJkZWxldGUiOjE4MDAwMDAwMDAwMDAsInJlYWQiOjMwMDAwMDAwMDAwMCwidXBkYXRlIjoxODAwMDAwMDAwMDAwfSwic2NoZW1hX3ZlcnNpb24iOiIxIn0=",
          "dependencies": [
            "azurerm_dns_zone.zone_caixaconsorcios",
            "azurerm_resource_group.RG-PublicDNS"
          ]
        }
      ]
    },
    {
      "mode": "managed",
      "type": "azurerm_dns_a_record",
      "name": "record_a_caixaconsorciosnetbr",
      "provider": "provider[\"registry.terraform.io/hashicorp/azurerm\"]",
      "instances": [
        {
          "schema_version": 1,
          "attributes": {
            "fqdn": "caixaconsorcios.com.br.caixaconsorcios.com.br.",
            "id": "/subscriptions/3baa51b4-c486-4693-ae88-50282dc02696/resourceGroups/RG-PublicDNS/providers/Microsoft.Network/dnsZones/caixaconsorcios.com.br/A/caixaconsorcios.com.br",
            "name": "caixaconsorcios.com.br",
            "records": [
              "200.10.245.57"
            ],
            "resource_group_name": "RG-PublicDNS",
            "tags": null,
            "target_resource_id": "",
            "timeouts": null,
            "ttl": 300,
            "zone_name": "caixaconsorcios.com.br"
          },
          "sensitive_attributes": [],
          "private": "eyJlMmJmYjczMC1lY2FhLTExZTYtOGY4OC0zNDM2M2JjN2M0YzAiOnsiY3JlYXRlIjoxODAwMDAwMDAwMDAwLCJkZWxldGUiOjE4MDAwMDAwMDAwMDAsInJlYWQiOjMwMDAwMDAwMDAwMCwidXBkYXRlIjoxODAwMDAwMDAwMDAwfSwic2NoZW1hX3ZlcnNpb24iOiIxIn0=",
          "dependencies": [
            "azurerm_dns_zone.zone_caixaconsorcios",
            "azurerm_resource_group.RG-PublicDNS"
          ]
        }
      ]
    },
    {
      "mode": "managed",
      "type": "azurerm_dns_mx_record",
      "name": "record_mx_caixaconsorciocombr",
      "provider": "provider[\"registry.terraform.io/hashicorp/azurerm\"]",
      "instances": [
        {
          "schema_version": 1,
          "attributes": {
            "fqdn": "caixaconsorcio.com.br.",
            "id": "/subscriptions/3baa51b4-c486-4693-ae88-50282dc02696/resourceGroups/RG-PublicDNS/providers/Microsoft.Network/dnsZones/caixaconsorcio.com.br/MX/@",
            "name": "@",
            "record": [
              {
                "exchange": "cesio.caixaseguradora.com.br.",
                "preference": "20"
              },
              {
                "exchange": "titanio.caixaseguradora.com.br.",
                "preference": "10"
              }
            ],
            "resource_group_name": "RG-PublicDNS",
            "tags": null,
            "timeouts": null,
            "ttl": 14400,
            "zone_name": "caixaconsorcio.com.br"
          },
          "sensitive_attributes": [],
          "private": "eyJlMmJmYjczMC1lY2FhLTExZTYtOGY4OC0zNDM2M2JjN2M0YzAiOnsiY3JlYXRlIjoxODAwMDAwMDAwMDAwLCJkZWxldGUiOjE4MDAwMDAwMDAwMDAsInJlYWQiOjMwMDAwMDAwMDAwMCwidXBkYXRlIjoxODAwMDAwMDAwMDAwfSwic2NoZW1hX3ZlcnNpb24iOiIxIn0=",
          "dependencies": [
            "azurerm_dns_zone.zone_caixaconsorciocombr",
            "azurerm_resource_group.RG-PublicDNS"
          ]
        }
      ]
    },
    {
      "mode": "managed",
      "type": "azurerm_dns_mx_record",
      "name": "record_mx_caixaconsorcioscombr",
      "provider": "provider[\"registry.terraform.io/hashicorp/azurerm\"]",
      "instances": [
        {
          "schema_version": 1,
          "attributes": {
            "fqdn": "caixaconsorcios.com.br.",
            "id": "/subscriptions/3baa51b4-c486-4693-ae88-50282dc02696/resourceGroups/RG-PublicDNS/providers/Microsoft.Network/dnsZones/caixaconsorcios.com.br/MX/@",
            "name": "@",
            "record": [
              {
                "exchange": "cesio.caixaseguradora.com.br.",
                "preference": "10"
              },
              {
                "exchange": "titanio.caixaseguradora.com.br.",
                "preference": "20"
              }
            ],
            "resource_group_name": "RG-PublicDNS",
            "tags": null,
            "timeouts": null,
            "ttl": 3982,
            "zone_name": "caixaconsorcios.com.br"
          },
          "sensitive_attributes": [],
          "private": "eyJlMmJmYjczMC1lY2FhLTExZTYtOGY4OC0zNDM2M2JjN2M0YzAiOnsiY3JlYXRlIjoxODAwMDAwMDAwMDAwLCJkZWxldGUiOjE4MDAwMDAwMDAwMDAsInJlYWQiOjMwMDAwMDAwMDAwMCwidXBkYXRlIjoxODAwMDAwMDAwMDAwfSwic2NoZW1hX3ZlcnNpb24iOiIxIn0=",
          "dependencies": [
            "azurerm_dns_zone.zone_caixaconsorcios",
            "azurerm_resource_group.RG-PublicDNS"
          ]
        }
      ]
    },
    {
      "mode": "managed",
      "type": "azurerm_dns_txt_record",
      "name": "CONSORCIOSDACAIXACOMBR",
      "provider": "provider[\"registry.terraform.io/hashicorp/azurerm\"]",
      "instances": [
        {
          "schema_version": 1,
          "attributes": {
            "fqdn": "consorciosdacaixa.com.br.consorciosdacaixa.net.br.",
            "id": "/subscriptions/3baa51b4-c486-4693-ae88-50282dc02696/resourceGroups/RG-PublicDNS/providers/Microsoft.Network/dnsZones/CONSORCIOSDACAIXA.NET.BR/TXT/CONSORCIOSDACAIXA.COM.BR",
            "name": "CONSORCIOSDACAIXA.COM.BR",
            "record": [
              {
                "value": "v=spf1 -all"
              }
            ],
            "resource_group_name": "RG-PublicDNS",
            "tags": null,
            "timeouts": null,
            "ttl": 900,
            "zone_name": "CONSORCIOSDACAIXA.NET.BR"
          },
          "sensitive_attributes": [],
          "private": "eyJlMmJmYjczMC1lY2FhLTExZTYtOGY4OC0zNDM2M2JjN2M0YzAiOnsiY3JlYXRlIjoxODAwMDAwMDAwMDAwLCJkZWxldGUiOjE4MDAwMDAwMDAwMDAsInJlYWQiOjMwMDAwMDAwMDAwMCwidXBkYXRlIjoxODAwMDAwMDAwMDAwfSwic2NoZW1hX3ZlcnNpb24iOiIxIn0=",
          "dependencies": [
            "azurerm_dns_zone.zone_CONSORCIOSDACAIXANETBR",
            "azurerm_resource_group.RG-PublicDNS"
          ]
        }
      ]
    },
    {
      "mode": "managed",
      "type": "azurerm_dns_txt_record",
      "name": "CONSORCIOSDACAIXANETBR",
      "provider": "provider[\"registry.terraform.io/hashicorp/azurerm\"]",
      "instances": [
        {
          "schema_version": 1,
          "attributes": {
            "fqdn": "consorciosdacaixa.net.br.consorciosdacaixa.net.br.",
            "id": "/subscriptions/3baa51b4-c486-4693-ae88-50282dc02696/resourceGroups/RG-PublicDNS/providers/Microsoft.Network/dnsZones/CONSORCIOSDACAIXA.NET.BR/TXT/CONSORCIOSDACAIXA.NET.BR",
            "name": "CONSORCIOSDACAIXA.NET.BR",
            "record": [
              {
                "value": "v=spf1 -all"
              }
            ],
            "resource_group_name": "RG-PublicDNS",
            "tags": null,
            "timeouts": null,
            "ttl": 900,
            "zone_name": "CONSORCIOSDACAIXA.NET.BR"
          },
          "sensitive_attributes": [],
          "private": "eyJlMmJmYjczMC1lY2FhLTExZTYtOGY4OC0zNDM2M2JjN2M0YzAiOnsiY3JlYXRlIjoxODAwMDAwMDAwMDAwLCJkZWxldGUiOjE4MDAwMDAwMDAwMDAsInJlYWQiOjMwMDAwMDAwMDAwMCwidXBkYXRlIjoxODAwMDAwMDAwMDAwfSwic2NoZW1hX3ZlcnNpb24iOiIxIn0=",
          "dependencies": [
            "azurerm_dns_zone.zone_CONSORCIOSDACAIXANETBR",
            "azurerm_resource_group.RG-PublicDNS"
          ]
        }
      ]
    },
    {
      "mode": "managed",
      "type": "azurerm_dns_txt_record",
      "name": "caixaconsorciocombr",
      "provider": "provider[\"registry.terraform.io/hashicorp/azurerm\"]",
      "instances": [
        {
          "schema_version": 1,
          "attributes": {
            "fqdn": "caixaconsorcio.com.br.caixaconsorcio.com.br.",
            "id": "/subscriptions/3baa51b4-c486-4693-ae88-50282dc02696/resourceGroups/RG-PublicDNS/providers/Microsoft.Network/dnsZones/caixaconsorcio.com.br/TXT/caixaconsorcio.com.br",
            "name": "caixaconsorcio.com.br",
            "record": [
              {
                "value": "MS=ms24948959"
              },
              {
                "value": "_globalsign-domain-verification=U_PnrZc4d0AW1G5aaiFmrbYW_2q6DekV0w3qXQv6_M"
              },
              {
                "value": "facebook-domain-verification=vjesnxdxj4qnhbi3n6vm4jl1wbm1ho"
              },
              {
                "value": "spf2.0/pra include: senderid.virtualtarget.com.br -all"
              },
              {
                "value": "v=spf1 mx ip4:201.48.252.130 ip4:189.8.1.186 ip4:45.175.107.26 ip4:200.10.245.61 ip4:200.10.245.69 ip4:200.10.245.64/29 include:sparkpostmail.com include:_spf.salesforce.com include:spf.protection.outlook.com -all"
              },
              {
                "value": "v=spf3 include:_u.caixaconsorcio.com.br._spf.smart.ondmarc.com -all"
              }
            ],
            "resource_group_name": "RG-PublicDNS",
            "tags": null,
            "timeouts": null,
            "ttl": 300,
            "zone_name": "caixaconsorcio.com.br"
          },
          "sensitive_attributes": [],
          "private": "eyJlMmJmYjczMC1lY2FhLTExZTYtOGY4OC0zNDM2M2JjN2M0YzAiOnsiY3JlYXRlIjoxODAwMDAwMDAwMDAwLCJkZWxldGUiOjE4MDAwMDAwMDAwMDAsInJlYWQiOjMwMDAwMDAwMDAwMCwidXBkYXRlIjoxODAwMDAwMDAwMDAwfSwic2NoZW1hX3ZlcnNpb24iOiIxIn0=",
          "dependencies": [
            "azurerm_dns_zone.zone_caixaconsorciocombr",
            "azurerm_resource_group.RG-PublicDNS"
          ]
        }
      ]
    },
    {
      "mode": "managed",
      "type": "azurerm_dns_txt_record",
      "name": "caixaconsorcioscombr",
      "provider": "provider[\"registry.terraform.io/hashicorp/azurerm\"]",
      "instances": [
        {
          "schema_version": 1,
          "attributes": {
            "fqdn": "caixaconsorcios.com.br.caixaconsorcios.com.br.",
            "id": "/subscriptions/3baa51b4-c486-4693-ae88-50282dc02696/resourceGroups/RG-PublicDNS/providers/Microsoft.Network/dnsZones/caixaconsorcios.com.br/TXT/caixaconsorcios.com.br",
            "name": "caixaconsorcios.com.br",
            "record": [
              {
                "value": "MS=ms85792227"
              },
              {
                "value": "_globalsign-domain-verification=5Cbc6ayGFpTLixf9yKbypCyhJLMqWx9cvLQiRaOvJT"
              },
              {
                "value": "_globalsign-domain-verification=iQb1AnkNiCWBtdlS-xIQ8MHnLqZdTnJi0WicjfAXN5"
              },
              {
                "value": "v=spf1 mx ip4:200.10.245.61 ip4:200.10.245.69 ip4:200.10.245.64/29 include:spf.protection.outlook.com -all"
              }
            ],
            "resource_group_name": "RG-PublicDNS",
            "tags": null,
            "timeouts": null,
            "ttl": 3600,
            "zone_name": "caixaconsorcios.com.br"
          },
          "sensitive_attributes": [],
          "private": "eyJlMmJmYjczMC1lY2FhLTExZTYtOGY4OC0zNDM2M2JjN2M0YzAiOnsiY3JlYXRlIjoxODAwMDAwMDAwMDAwLCJkZWxldGUiOjE4MDAwMDAwMDAwMDAsInJlYWQiOjMwMDAwMDAwMDAwMCwidXBkYXRlIjoxODAwMDAwMDAwMDAwfSwic2NoZW1hX3ZlcnNpb24iOiIxIn0=",
          "dependencies": [
            "azurerm_dns_zone.zone_caixaconsorcios",
            "azurerm_resource_group.RG-PublicDNS"
          ]
        }
      ]
    },
    {
      "mode": "managed",
      "type": "azurerm_dns_zone",
      "name": "zone_CONSORCIOCAIXACOMBR",
      "provider": "provider[\"registry.terraform.io/hashicorp/azurerm\"]",
      "instances": [
        {
          "schema_version": 2,
          "attributes": {
            "id": "/subscriptions/3baa51b4-c486-4693-ae88-50282dc02696/resourceGroups/RG-PublicDNS/providers/Microsoft.Network/dnsZones/CONSORCIOCAIXA.COM.BR",
            "max_number_of_record_sets": 10000,
            "name": "CONSORCIOCAIXA.COM.BR",
            "name_servers": [
              "ns1-32.azure-dns.com.",
              "ns2-32.azure-dns.net.",
              "ns3-32.azure-dns.org.",
              "ns4-32.azure-dns.info."
            ],
            "number_of_record_sets": 2,
            "resource_group_name": "RG-PublicDNS",
            "soa_record": [
              {
                "email": "azuredns-hostmaster.microsoft.com",
                "expire_time": 2419200,
                "fqdn": "consorciocaixa.com.br.",
                "host_name": "ns1-32.azure-dns.com.",
                "minimum_ttl": 300,
                "refresh_time": 3600,
                "retry_time": 300,
                "serial_number": 1,
                "tags": {},
                "ttl": 3600
              }
            ],
            "tags": null,
            "timeouts": null
          },
          "sensitive_attributes": [],
          "private": "eyJlMmJmYjczMC1lY2FhLTExZTYtOGY4OC0zNDM2M2JjN2M0YzAiOnsiY3JlYXRlIjoxODAwMDAwMDAwMDAwLCJkZWxldGUiOjE4MDAwMDAwMDAwMDAsInJlYWQiOjMwMDAwMDAwMDAwMCwidXBkYXRlIjoxODAwMDAwMDAwMDAwfSwic2NoZW1hX3ZlcnNpb24iOiIyIn0=",
          "dependencies": [
            "azurerm_resource_group.RG-PublicDNS"
          ]
        }
      ]
    },
    {
      "mode": "managed",
      "type": "azurerm_dns_zone",
      "name": "zone_CONSORCIOCAIXANETBR",
      "provider": "provider[\"registry.terraform.io/hashicorp/azurerm\"]",
      "instances": [
        {
          "schema_version": 2,
          "attributes": {
            "id": "/subscriptions/3baa51b4-c486-4693-ae88-50282dc02696/resourceGroups/RG-PublicDNS/providers/Microsoft.Network/dnsZones/CONSORCIOCAIXA.NET.BR",
            "max_number_of_record_sets": 10000,
            "name": "CONSORCIOCAIXA.NET.BR",
            "name_servers": [
              "ns1-38.azure-dns.com.",
              "ns2-38.azure-dns.net.",
              "ns3-38.azure-dns.org.",
              "ns4-38.azure-dns.info."
            ],
            "number_of_record_sets": 2,
            "resource_group_name": "RG-PublicDNS",
            "soa_record": [
              {
                "email": "azuredns-hostmaster.microsoft.com",
                "expire_time": 2419200,
                "fqdn": "consorciocaixa.net.br.",
                "host_name": "ns1-38.azure-dns.com.",
                "minimum_ttl": 300,
                "refresh_time": 3600,
                "retry_time": 300,
                "serial_number": 1,
                "tags": {},
                "ttl": 3600
              }
            ],
            "tags": null,
            "timeouts": null
          },
          "sensitive_attributes": [],
          "private": "eyJlMmJmYjczMC1lY2FhLTExZTYtOGY4OC0zNDM2M2JjN2M0YzAiOnsiY3JlYXRlIjoxODAwMDAwMDAwMDAwLCJkZWxldGUiOjE4MDAwMDAwMDAwMDAsInJlYWQiOjMwMDAwMDAwMDAwMCwidXBkYXRlIjoxODAwMDAwMDAwMDAwfSwic2NoZW1hX3ZlcnNpb24iOiIyIn0=",
          "dependencies": [
            "azurerm_resource_group.RG-PublicDNS"
          ]
        }
      ]
    },
    {
      "mode": "managed",
      "type": "azurerm_dns_zone",
      "name": "zone_CONSORCIOSDACAIXACOMBR",
      "provider": "provider[\"registry.terraform.io/hashicorp/azurerm\"]",
      "instances": [
        {
          "schema_version": 2,
          "attributes": {
            "id": "/subscriptions/3baa51b4-c486-4693-ae88-50282dc02696/resourceGroups/RG-PublicDNS/providers/Microsoft.Network/dnsZones/CONSORCIOSDACAIXA.COM.BR",
            "max_number_of_record_sets": 10000,
            "name": "CONSORCIOSDACAIXA.COM.BR",
            "name_servers": [
              "ns1-34.azure-dns.com.",
              "ns2-34.azure-dns.net.",
              "ns3-34.azure-dns.org.",
              "ns4-34.azure-dns.info."
            ],
            "number_of_record_sets": 2,
            "resource_group_name": "RG-PublicDNS",
            "soa_record": [
              {
                "email": "azuredns-hostmaster.microsoft.com",
                "expire_time": 2419200,
                "fqdn": "consorciosdacaixa.com.br.",
                "host_name": "ns1-34.azure-dns.com.",
                "minimum_ttl": 300,
                "refresh_time": 3600,
                "retry_time": 300,
                "serial_number": 1,
                "tags": {},
                "ttl": 3600
              }
            ],
            "tags": null,
            "timeouts": null
          },
          "sensitive_attributes": [],
          "private": "eyJlMmJmYjczMC1lY2FhLTExZTYtOGY4OC0zNDM2M2JjN2M0YzAiOnsiY3JlYXRlIjoxODAwMDAwMDAwMDAwLCJkZWxldGUiOjE4MDAwMDAwMDAwMDAsInJlYWQiOjMwMDAwMDAwMDAwMCwidXBkYXRlIjoxODAwMDAwMDAwMDAwfSwic2NoZW1hX3ZlcnNpb24iOiIyIn0=",
          "dependencies": [
            "azurerm_resource_group.RG-PublicDNS"
          ]
        }
      ]
    },
    {
      "mode": "managed",
      "type": "azurerm_dns_zone",
      "name": "zone_CONSORCIOSDACAIXANETBR",
      "provider": "provider[\"registry.terraform.io/hashicorp/azurerm\"]",
      "instances": [
        {
          "schema_version": 2,
          "attributes": {
            "id": "/subscriptions/3baa51b4-c486-4693-ae88-50282dc02696/resourceGroups/RG-PublicDNS/providers/Microsoft.Network/dnsZones/CONSORCIOSDACAIXA.NET.BR",
            "max_number_of_record_sets": 10000,
            "name": "CONSORCIOSDACAIXA.NET.BR",
            "name_servers": [
              "ns1-35.azure-dns.com.",
              "ns2-35.azure-dns.net.",
              "ns3-35.azure-dns.org.",
              "ns4-35.azure-dns.info."
            ],
            "number_of_record_sets": 2,
            "resource_group_name": "RG-PublicDNS",
            "soa_record": [
              {
                "email": "azuredns-hostmaster.microsoft.com",
                "expire_time": 2419200,
                "fqdn": "consorciosdacaixa.net.br.",
                "host_name": "ns1-35.azure-dns.com.",
                "minimum_ttl": 300,
                "refresh_time": 3600,
                "retry_time": 300,
                "serial_number": 1,
                "tags": {},
                "ttl": 3600
              }
            ],
            "tags": null,
            "timeouts": null
          },
          "sensitive_attributes": [],
          "private": "eyJlMmJmYjczMC1lY2FhLTExZTYtOGY4OC0zNDM2M2JjN2M0YzAiOnsiY3JlYXRlIjoxODAwMDAwMDAwMDAwLCJkZWxldGUiOjE4MDAwMDAwMDAwMDAsInJlYWQiOjMwMDAwMDAwMDAwMCwidXBkYXRlIjoxODAwMDAwMDAwMDAwfSwic2NoZW1hX3ZlcnNpb24iOiIyIn0=",
          "dependencies": [
            "azurerm_resource_group.RG-PublicDNS"
          ]
        }
      ]
    },
    {
      "mode": "managed",
      "type": "azurerm_dns_zone",
      "name": "zone_caixaconsorciocombr",
      "provider": "provider[\"registry.terraform.io/hashicorp/azurerm\"]",
      "instances": [
        {
          "schema_version": 2,
          "attributes": {
            "id": "/subscriptions/3baa51b4-c486-4693-ae88-50282dc02696/resourceGroups/RG-PublicDNS/providers/Microsoft.Network/dnsZones/caixaconsorcio.com.br",
            "max_number_of_record_sets": 10000,
            "name": "caixaconsorcio.com.br",
            "name_servers": [
              "ns1-35.azure-dns.com.",
              "ns2-35.azure-dns.net.",
              "ns3-35.azure-dns.org.",
              "ns4-35.azure-dns.info."
            ],
            "number_of_record_sets": 2,
            "resource_group_name": "RG-PublicDNS",
            "soa_record": [
              {
                "email": "azuredns-hostmaster.microsoft.com",
                "expire_time": 2419200,
                "fqdn": "caixaconsorcio.com.br.",
                "host_name": "ns1-35.azure-dns.com.",
                "minimum_ttl": 300,
                "refresh_time": 3600,
                "retry_time": 300,
                "serial_number": 1,
                "tags": {},
                "ttl": 3600
              }
            ],
            "tags": null,
            "timeouts": null
          },
          "sensitive_attributes": [],
          "private": "eyJlMmJmYjczMC1lY2FhLTExZTYtOGY4OC0zNDM2M2JjN2M0YzAiOnsiY3JlYXRlIjoxODAwMDAwMDAwMDAwLCJkZWxldGUiOjE4MDAwMDAwMDAwMDAsInJlYWQiOjMwMDAwMDAwMDAwMCwidXBkYXRlIjoxODAwMDAwMDAwMDAwfSwic2NoZW1hX3ZlcnNpb24iOiIyIn0=",
          "dependencies": [
            "azurerm_resource_group.RG-PublicDNS"
          ]
        }
      ]
    },
    {
      "mode": "managed",
      "type": "azurerm_dns_zone",
      "name": "zone_caixaconsorcionetbr",
      "provider": "provider[\"registry.terraform.io/hashicorp/azurerm\"]",
      "instances": [
        {
          "schema_version": 2,
          "attributes": {
            "id": "/subscriptions/3baa51b4-c486-4693-ae88-50282dc02696/resourceGroups/RG-PublicDNS/providers/Microsoft.Network/dnsZones/caixaconsorcio.net.br",
            "max_number_of_record_sets": 10000,
            "name": "caixaconsorcio.net.br",
            "name_servers": [
              "ns1-38.azure-dns.com.",
              "ns2-38.azure-dns.net.",
              "ns3-38.azure-dns.org.",
              "ns4-38.azure-dns.info."
            ],
            "number_of_record_sets": 2,
            "resource_group_name": "RG-PublicDNS",
            "soa_record": [
              {
                "email": "azuredns-hostmaster.microsoft.com",
                "expire_time": 2419200,
                "fqdn": "caixaconsorcio.net.br.",
                "host_name": "ns1-38.azure-dns.com.",
                "minimum_ttl": 300,
                "refresh_time": 3600,
                "retry_time": 300,
                "serial_number": 1,
                "tags": {},
                "ttl": 3600
              }
            ],
            "tags": null,
            "timeouts": null
          },
          "sensitive_attributes": [],
          "private": "eyJlMmJmYjczMC1lY2FhLTExZTYtOGY4OC0zNDM2M2JjN2M0YzAiOnsiY3JlYXRlIjoxODAwMDAwMDAwMDAwLCJkZWxldGUiOjE4MDAwMDAwMDAwMDAsInJlYWQiOjMwMDAwMDAwMDAwMCwidXBkYXRlIjoxODAwMDAwMDAwMDAwfSwic2NoZW1hX3ZlcnNpb24iOiIyIn0=",
          "dependencies": [
            "azurerm_resource_group.RG-PublicDNS"
          ]
        }
      ]
    },
    {
      "mode": "managed",
      "type": "azurerm_dns_zone",
      "name": "zone_caixaconsorcios",
      "provider": "provider[\"registry.terraform.io/hashicorp/azurerm\"]",
      "instances": [
        {
          "schema_version": 2,
          "attributes": {
            "id": "/subscriptions/3baa51b4-c486-4693-ae88-50282dc02696/resourceGroups/RG-PublicDNS/providers/Microsoft.Network/dnsZones/caixaconsorcios.com.br",
            "max_number_of_record_sets": 10000,
            "name": "caixaconsorcios.com.br",
            "name_servers": [
              "ns1-38.azure-dns.com.",
              "ns2-38.azure-dns.net.",
              "ns3-38.azure-dns.org.",
              "ns4-38.azure-dns.info."
            ],
            "number_of_record_sets": 2,
            "resource_group_name": "RG-PublicDNS",
            "soa_record": [
              {
                "email": "azuredns-hostmaster.microsoft.com",
                "expire_time": 2419200,
                "fqdn": "caixaconsorcios.com.br.",
                "host_name": "ns1-38.azure-dns.com.",
                "minimum_ttl": 300,
                "refresh_time": 3600,
                "retry_time": 300,
                "serial_number": 1,
                "tags": {},
                "ttl": 3600
              }
            ],
            "tags": null,
            "timeouts": null
          },
          "sensitive_attributes": [],
          "private": "eyJlMmJmYjczMC1lY2FhLTExZTYtOGY4OC0zNDM2M2JjN2M0YzAiOnsiY3JlYXRlIjoxODAwMDAwMDAwMDAwLCJkZWxldGUiOjE4MDAwMDAwMDAwMDAsInJlYWQiOjMwMDAwMDAwMDAwMCwidXBkYXRlIjoxODAwMDAwMDAwMDAwfSwic2NoZW1hX3ZlcnNpb24iOiIyIn0=",
          "dependencies": [
            "azurerm_resource_group.RG-PublicDNS"
          ]
        }
      ]
    },
    {
      "mode": "managed",
      "type": "azurerm_dns_zone",
      "name": "zone_caixaconsorciosadmcombr",
      "provider": "provider[\"registry.terraform.io/hashicorp/azurerm\"]",
      "instances": [
        {
          "schema_version": 2,
          "attributes": {
            "id": "/subscriptions/3baa51b4-c486-4693-ae88-50282dc02696/resourceGroups/RG-PublicDNS/providers/Microsoft.Network/dnsZones/caixaconsorciosadm.com.br",
            "max_number_of_record_sets": 10000,
            "name": "caixaconsorciosadm.com.br",
            "name_servers": [
              "ns1-32.azure-dns.com.",
              "ns2-32.azure-dns.net.",
              "ns3-32.azure-dns.org.",
              "ns4-32.azure-dns.info."
            ],
            "number_of_record_sets": 2,
            "resource_group_name": "RG-PublicDNS",
            "soa_record": [
              {
                "email": "azuredns-hostmaster.microsoft.com",
                "expire_time": 2419200,
                "fqdn": "caixaconsorciosadm.com.br.",
                "host_name": "ns1-32.azure-dns.com.",
                "minimum_ttl": 300,
                "refresh_time": 3600,
                "retry_time": 300,
                "serial_number": 1,
                "tags": {},
                "ttl": 3600
              }
            ],
            "tags": null,
            "timeouts": null
          },
          "sensitive_attributes": [],
          "private": "eyJlMmJmYjczMC1lY2FhLTExZTYtOGY4OC0zNDM2M2JjN2M0YzAiOnsiY3JlYXRlIjoxODAwMDAwMDAwMDAwLCJkZWxldGUiOjE4MDAwMDAwMDAwMDAsInJlYWQiOjMwMDAwMDAwMDAwMCwidXBkYXRlIjoxODAwMDAwMDAwMDAwfSwic2NoZW1hX3ZlcnNpb24iOiIyIn0=",
          "dependencies": [
            "azurerm_resource_group.RG-PublicDNS"
          ]
        }
      ]
    },
    {
      "mode": "managed",
      "type": "azurerm_dns_zone",
      "name": "zone_caixaconsorciosnetbr",
      "provider": "provider[\"registry.terraform.io/hashicorp/azurerm\"]",
      "instances": [
        {
          "schema_version": 2,
          "attributes": {
            "id": "/subscriptions/3baa51b4-c486-4693-ae88-50282dc02696/resourceGroups/RG-PublicDNS/providers/Microsoft.Network/dnsZones/caixaconsorcios.net.br",
            "max_number_of_record_sets": 10000,
            "name": "caixaconsorcios.net.br",
            "name_servers": [
              "ns1-35.azure-dns.com.",
              "ns2-35.azure-dns.net.",
              "ns3-35.azure-dns.org.",
              "ns4-35.azure-dns.info."
            ],
            "number_of_record_sets": 2,
            "resource_group_name": "RG-PublicDNS",
            "soa_record": [
              {
                "email": "azuredns-hostmaster.microsoft.com",
                "expire_time": 2419200,
                "fqdn": "caixaconsorcios.net.br.",
                "host_name": "ns1-35.azure-dns.com.",
                "minimum_ttl": 300,
                "refresh_time": 3600,
                "retry_time": 300,
                "serial_number": 1,
                "tags": {},
                "ttl": 3600
              }
            ],
            "tags": null,
            "timeouts": null
          },
          "sensitive_attributes": [],
          "private": "eyJlMmJmYjczMC1lY2FhLTExZTYtOGY4OC0zNDM2M2JjN2M0YzAiOnsiY3JlYXRlIjoxODAwMDAwMDAwMDAwLCJkZWxldGUiOjE4MDAwMDAwMDAwMDAsInJlYWQiOjMwMDAwMDAwMDAwMCwidXBkYXRlIjoxODAwMDAwMDAwMDAwfSwic2NoZW1hX3ZlcnNpb24iOiIyIn0=",
          "dependencies": [
            "azurerm_resource_group.RG-PublicDNS"
          ]
        }
      ]
    },
    {
      "mode": "managed",
      "type": "azurerm_resource_group",
      "name": "RG-PublicDNS",
      "provider": "provider[\"registry.terraform.io/hashicorp/azurerm\"]",
      "instances": [
        {
          "schema_version": 0,
          "attributes": {
            "id": "/subscriptions/3baa51b4-c486-4693-ae88-50282dc02696/resourceGroups/RG-PublicDNS",
            "location": "brazilsouth",
            "managed_by": "",
            "name": "RG-PublicDNS",
            "tags": null,
            "timeouts": null
          },
          "sensitive_attributes": [],
          "private": "eyJlMmJmYjczMC1lY2FhLTExZTYtOGY4OC0zNDM2M2JjN2M0YzAiOnsiY3JlYXRlIjo1NDAwMDAwMDAwMDAwLCJkZWxldGUiOjU0MDAwMDAwMDAwMDAsInJlYWQiOjMwMDAwMDAwMDAwMCwidXBkYXRlIjo1NDAwMDAwMDAwMDAwfX0="
        }
      ]
    }
  ],
  "check_results": null
}
